{
  "name": "public",
  "lockfileVersion": 3,
  "requires": true,
  "packages": {
    "": {
      "dependencies": {
        "@progressivewebcomponents/pwa-install": "^0.2.1"
      }
    },
    "node_modules/@progressivewebcomponents/pwa-install": {
      "version": "0.2.1",
      "resolved": "https://registry.npmjs.org/@progressivewebcomponents/pwa-install/-/pwa-install-0.2.1.tgz",
      "integrity": "sha512-b7OJU7AlbG+n8qr1TI0t0LuVwqOJkMUSO9I0o8oFirXSyM94ObdGzFdJfKUYHQtCjdgkyUbEwTjvT1hcFzH3rQ=="
    }
  }
}
